{
  "requires": true,
  "lockfileVersion": 1,
  "dependencies": {
    "@jest/types": {
      "version": "27.2.4",
      "resolved": "https://pkgs.dev.azure.com/mgalfadev/_packaging/rainier-latest/npm/registry/@jest/types/-/types-27.2.4.tgz",
      "integrity": "sha1-JDAEKmbgDcWxQMNjb0R01GTCHug=",
      "dev": true,
      "requires": {
        "@types/istanbul-lib-coverage": "^2.0.0",
        "@types/istanbul-reports": "^3.0.0",
        "@types/node": "*",
        "@types/yargs": "^16.0.0",
        "chalk": "^4.0.0"
      }
    },
    "@types/istanbul-lib-coverage": {
      "version": "2.0.3",
      "resolved": "https://pkgs.dev.azure.com/mgalfadev/_packaging/rainier-latest/npm/registry/@types/istanbul-lib-coverage/-/istanbul-lib-coverage-2.0.3.tgz",
      "integrity": "sha1-S6jdtyAiH0MuRDvV+RF/0iz9R2I=",
      "dev": true
    },
    "@types/istanbul-lib-report": {
      "version": "3.0.0",
      "resolved": "https://pkgs.dev.azure.com/mgalfadev/_packaging/rainier-latest/npm/registry/@types/istanbul-lib-report/-/istanbul-lib-report-3.0.0.tgz",
      "integrity": "sha1-wUwk8Y6oGQwRjudWK3/5mjZVJoY=",
      "dev": true,
      "requires": {
        "@types/istanbul-lib-coverage": "*"
      }
    },
    "@types/istanbul-reports": {
      "version": "3.0.1",
      "resolved": "https://pkgs.dev.azure.com/mgalfadev/_packaging/rainier-latest/npm/registry/@types/istanbul-reports/-/istanbul-reports-3.0.1.tgz",
      "integrity": "sha1-kVP+mLuivVZaY63ZQ21vDX+EaP8=",
      "dev": true,
      "requires": {
        "@types/istanbul-lib-report": "*"
      }
    },
    "@types/jest": {
      "version": "27.0.2",
      "resolved": "https://pkgs.dev.azure.com/mgalfadev/_packaging/rainier-latest/npm/registry/@types/jest/-/jest-27.0.2.tgz",
      "integrity": "sha1-rDg8TUqt3Sm78rkW2NEFwwSl/Nc=",
      "dev": true,
      "requires": {
        "jest-diff": "^27.0.0",
        "pretty-format": "^27.0.0"
      }
    },
    "@types/node": {
      "version": "16.10.3",
      "resolved": "https://pkgs.dev.azure.com/mgalfadev/_packaging/rainier-latest/npm/registry/@types/node/-/node-16.10.3.tgz",
      "integrity": "sha1-eo8oOGA+oxTR0iuzFx2JnhXFe9U=",
      "dev": true
    },
    "@types/yargs": {
      "version": "16.0.4",
      "resolved": "https://pkgs.dev.azure.com/mgalfadev/_packaging/rainier-latest/npm/registry/@types/yargs/-/yargs-16.0.4.tgz",
      "integrity": "sha1-JqrZjdLCo45CEIbqmtQrnlFkKXc=",
      "dev": true,
      "requires": {
        "@types/yargs-parser": "*"
      }
    },
    "@types/yargs-parser": {
      "version": "20.2.1",
      "resolved": "https://pkgs.dev.azure.com/mgalfadev/_packaging/rainier-latest/npm/registry/@types/yargs-parser/-/yargs-parser-20.2.1.tgz",
      "integrity": "sha1-O5ziSJkZ2eT+pDm3aRarw0st8Sk=",
      "dev": true
    },
    "ansi-regex": {
      "version": "5.0.1",
      "resolved": "https://pkgs.dev.azure.com/mgalfadev/_packaging/rainier-latest/npm/registry/ansi-regex/-/ansi-regex-5.0.1.tgz",
      "integrity": "sha1-CCyyyJyf6GWaMRpTvWpNxTAdswQ=",
      "dev": true
    },
    "ansi-styles": {
      "version": "4.3.0",
      "resolved": "https://pkgs.dev.azure.com/mgalfadev/_packaging/rainier-latest/npm/registry/ansi-styles/-/ansi-styles-4.3.0.tgz",
      "integrity": "sha1-7dgDYornHATIWuegkG7a00tkiTc=",
      "dev": true,
      "requires": {
        "color-convert": "^2.0.1"
      }
    },
    "chalk": {
      "version": "4.1.2",
      "resolved": "https://pkgs.dev.azure.com/mgalfadev/_packaging/rainier-latest/npm/registry/chalk/-/chalk-4.1.2.tgz",
      "integrity": "sha1-qsTit3NKdAhnrrFr8CqtVWoeegE=",
      "dev": true,
      "requires": {
        "ansi-styles": "^4.1.0",
        "supports-color": "^7.1.0"
      }
    },
    "color-convert": {
      "version": "2.0.1",
      "resolved": "https://pkgs.dev.azure.com/mgalfadev/_packaging/rainier-latest/npm/registry/color-convert/-/color-convert-2.0.1.tgz",
      "integrity": "sha1-ctOmjVmMm9s68q0ehPIdiWq9TeM=",
      "dev": true,
      "requires": {
        "color-name": "~1.1.4"
      }
    },
    "color-name": {
      "version": "1.1.4",
      "resolved": "https://pkgs.dev.azure.com/mgalfadev/_packaging/rainier-latest/npm/registry/color-name/-/color-name-1.1.4.tgz",
      "integrity": "sha1-wqCah6y95pVD3m9j+jmVyCbFNqI=",
      "dev": true
    },
    "diff-sequences": {
      "version": "27.0.6",
      "resolved": "https://pkgs.dev.azure.com/mgalfadev/_packaging/rainier-latest/npm/registry/diff-sequences/-/diff-sequences-27.0.6.tgz",
      "integrity": "sha1-MwXLLlWgM5JAVGlcxmAZ/X+OVyM=",
      "dev": true
    },
    "has-flag": {
      "version": "4.0.0",
      "resolved": "https://pkgs.dev.azure.com/mgalfadev/_packaging/rainier-latest/npm/registry/has-flag/-/has-flag-4.0.0.tgz",
      "integrity": "sha1-lEdx/ZyByBJlxNaUGGDaBrtZR5s=",
      "dev": true
    },
    "jest-diff": {
      "version": "27.2.4",
      "resolved": "https://pkgs.dev.azure.com/mgalfadev/_packaging/rainier-latest/npm/registry/jest-diff/-/jest-diff-27.2.4.tgz",
      "integrity": "sha1-FxxR09LBBcRXEA/ubnv3zuUcjYw=",
      "dev": true,
      "requires": {
        "chalk": "^4.0.0",
        "diff-sequences": "^27.0.6",
        "jest-get-type": "^27.0.6",
        "pretty-format": "^27.2.4"
      }
    },
    "jest-get-type": {
      "version": "27.0.6",
      "resolved": "https://pkgs.dev.azure.com/mgalfadev/_packaging/rainier-latest/npm/registry/jest-get-type/-/jest-get-type-27.0.6.tgz",
      "integrity": "sha1-DrXH91WFQnnOm2ip8aQSL2kEfP4=",
      "dev": true
    },
    "pretty-format": {
      "version": "27.2.4",
      "resolved": "https://pkgs.dev.azure.com/mgalfadev/_packaging/rainier-latest/npm/registry/pretty-format/-/pretty-format-27.2.4.tgz",
      "integrity": "sha1-COo5xeq0GwgoUtcJMFmgkfbdx0g=",
      "dev": true,
      "requires": {
        "@jest/types": "^27.2.4",
        "ansi-regex": "^5.0.1",
        "ansi-styles": "^5.0.0",
        "react-is": "^17.0.1"
      },
      "dependencies": {
        "ansi-styles": {
          "version": "5.2.0",
          "resolved": "https://pkgs.dev.azure.com/mgalfadev/_packaging/rainier-latest/npm/registry/ansi-styles/-/ansi-styles-5.2.0.tgz",
          "integrity": "sha1-B0SWkK1Fd30ZJKwquy/IiV26g2s=",
          "dev": true
        }
      }
    },
    "react-is": {
      "version": "17.0.2",
      "resolved": "https://pkgs.dev.azure.com/mgalfadev/_packaging/rainier-latest/npm/registry/react-is/-/react-is-17.0.2.tgz",
      "integrity": "sha1-5pHUqOnHiTZWVVOas3J2Kw77VPA=",
      "dev": true
    },
    "supports-color": {
      "version": "7.2.0",
      "resolved": "https://pkgs.dev.azure.com/mgalfadev/_packaging/rainier-latest/npm/registry/supports-color/-/supports-color-7.2.0.tgz",
      "integrity": "sha1-G33NyzK4E4gBs+R4umpRyqiWSNo=",
      "dev": true,
      "requires": {
        "has-flag": "^4.0.0"
      }
    }
  }
}
